
Microsoft Visual Studio Solution File, Format Version 12.00
# Visual Studio 15
VisualStudioVersion = 15.0.27703.2035
MinimumVisualStudioVersion = 10.0.40219.1
Project("{2150E333-8FDC-42A3-9474-1A3956D46DE8}") = "src", "src", "{FEB8CF7A-A2BE-4A09-A9A8-5A4B6A7C0189}"
EndProject
Project("{2150E333-8FDC-42A3-9474-1A3956D46DE8}") = "test", "test", "{5C3B96A0-567A-4FB0-BC7B-A2FD45A31029}"
EndProject
Project("{9A19103F-16F7-4668-BE54-9A1E7A4F7556}") = "MinhaVida.CodeChallege.VaccinationManagement.API", "src\MinhaVida.CodeChallege.VaccinationManagement.API\MinhaVida.CodeChallege.VaccinationManagement.API.csproj", "{EB44DFCB-2CE4-489B-8C89-15F74753541B}"
EndProject
Project("{FAE04EC0-301F-11D3-BF4B-00C04F79EFBC}") = "MinhaVida.CodeChallege.VaccinationManagement.Tests.Unit", "test\MinhaVida.CodeChallege.VaccinationManagement.Tests.Unit\MinhaVida.CodeChallege.VaccinationManagement.Tests.Unit.csproj", "{1EF3BD30-D7CD-4429-A457-DCF7642380DE}"
EndProject
Global
	GlobalSection(SolutionConfigurationPlatforms) = preSolution
		Debug|Any CPU = Debug|Any CPU
		Release|Any CPU = Release|Any CPU
	EndGlobalSection
	GlobalSection(ProjectConfigurationPlatforms) = postSolution
		{EB44DFCB-2CE4-489B-8C89-15F74753541B}.Debug|Any CPU.ActiveCfg = Debug|Any CPU
		{EB44DFCB-2CE4-489B-8C89-15F74753541B}.Debug|Any CPU.Build.0 = Debug|Any CPU
		{EB44DFCB-2CE4-489B-8C89-15F74753541B}.Release|Any CPU.ActiveCfg = Release|Any CPU
		{EB44DFCB-2CE4-489B-8C89-15F74753541B}.Release|Any CPU.Build.0 = Release|Any CPU
		{1EF3BD30-D7CD-4429-A457-DCF7642380DE}.Debug|Any CPU.ActiveCfg = Debug|Any CPU
		{1EF3BD30-D7CD-4429-A457-DCF7642380DE}.Debug|Any CPU.Build.0 = Debug|Any CPU
		{1EF3BD30-D7CD-4429-A457-DCF7642380DE}.Release|Any CPU.ActiveCfg = Release|Any CPU
		{1EF3BD30-D7CD-4429-A457-DCF7642380DE}.Release|Any CPU.Build.0 = Release|Any CPU
	EndGlobalSection
	GlobalSection(SolutionProperties) = preSolution
		HideSolutionNode = FALSE
	EndGlobalSection
	GlobalSection(NestedProjects) = preSolution
		{EB44DFCB-2CE4-489B-8C89-15F74753541B} = {FEB8CF7A-A2BE-4A09-A9A8-5A4B6A7C0189}
		{1EF3BD30-D7CD-4429-A457-DCF7642380DE} = {5C3B96A0-567A-4FB0-BC7B-A2FD45A31029}
	EndGlobalSection
	GlobalSection(ExtensibilityGlobals) = postSolution
		SolutionGuid = {5F0C91C7-5D56-47C7-854E-824469AEFC7F}
	EndGlobalSection
EndGlobal
